
Microsoft Visual Studio Solution File, Format Version 12.00
# Visual Studio Version 17
VisualStudioVersion = 17.3.32505.426
MinimumVisualStudioVersion = 10.0.40219.1
Project("{9A19103F-16F7-4668-BE54-9A1E7A4F7556}") = "NXUI", "src\NXUI\NXUI.csproj", "{F0A9DF50-BF2A-46A6-B587-758125BE8A29}"
EndProject
Project("{9A19103F-16F7-4668-BE54-9A1E7A4F7556}") = "NXUI.Sample.Desktop", "samples\NXUI.Sample.Desktop\NXUI.Sample.Desktop.csproj", "{33AFF341-32BA-4DE0-AEB1-221A90449BD8}"
EndProject
Project("{9A19103F-16F7-4668-BE54-9A1E7A4F7556}") = "NXUI.IntegrationTest", "samples\NXUI.IntegrationTest\NXUI.IntegrationTest.csproj", "{9D162580-0C6C-49F2-B88E-275ECB6FD53F}"
EndProject
Project("{2150E333-8FDC-42A3-9474-1A3956D46DE8}") = "7GUIs", "7GUIs", "{6E47BA4B-2405-4281-8A1C-892A4D802A18}"
EndProject
Project("{9A19103F-16F7-4668-BE54-9A1E7A4F7556}") = "Counter", "samples\7GUIs\Counter\Counter.csproj", "{551D61DA-C4A3-47F1-ACF3-50F591527CC7}"
EndProject
Project("{9A19103F-16F7-4668-BE54-9A1E7A4F7556}") = "Counters", "samples\7GUIs\Counters\Counters.csproj", "{7F85C6A1-55D1-4334-BBC9-96A066C34016}"
EndProject
Project("{9A19103F-16F7-4668-BE54-9A1E7A4F7556}") = "TempConv", "samples\7GUIs\TempConv\TempConv.csproj", "{67A0CEB6-CDE0-4DEA-B321-A338AE33989D}"
EndProject
Project("{9A19103F-16F7-4668-BE54-9A1E7A4F7556}") = "ControlCatalog", "samples\ControlCatalog\ControlCatalog.csproj", "{35EA80CF-B8BD-4DBA-9A2E-627A1A82A291}"
EndProject
Project("{9A19103F-16F7-4668-BE54-9A1E7A4F7556}") = "Generator", "src\Generator\Generator.csproj", "{88DA60A3-1A64-427D-B624-4F42BD852BB8}"
EndProject
Project("{9A19103F-16F7-4668-BE54-9A1E7A4F7556}") = "Generator.Tasks", "src\Generator.Tasks\Generator.Tasks.csproj", "{931C4E1B-883A-4F9B-A63E-E42EBAC1D126}"
EndProject
Project("{2150E333-8FDC-42A3-9474-1A3956D46DE8}") = "build", "build", "{09B5D07F-1884-43BC-8053-543FF459268C}"
	ProjectSection(SolutionItems) = preProject
		.editorconfig = .editorconfig
		.gitattributes = .gitattributes
		.gitignore = .gitignore
		Directory.Build.props = Directory.Build.props
		global.json = global.json
		NuGet.Config = NuGet.Config
	EndProjectSection
EndProject
Project("{2150E333-8FDC-42A3-9474-1A3956D46DE8}") = "src", "src", "{BA0A189D-8FD8-40A7-8860-FEC67470D55B}"
EndProject
Project("{2150E333-8FDC-42A3-9474-1A3956D46DE8}") = "samples", "samples", "{BF6B5E5A-6F57-4429-9C4A-C1C2E17E485E}"
	ProjectSection(SolutionItems) = preProject
		samples\.editorconfig = samples\.editorconfig
	EndProjectSection
EndProject
Project("{FAE04EC0-301F-11D3-BF4B-00C04F79EFBC}") = "DrawLine", "samples\DrawLine\DrawLine.csproj", "{C88174BC-2F27-452F-98E0-1CD8AF71937A}"
EndProject
Project("{FAE04EC0-301F-11D3-BF4B-00C04F79EFBC}") = "FlightBooker", "samples\7GUIs\FlightBooker\FlightBooker.csproj", "{20309AAC-49BC-4DB0-ACC2-AC144413380E}"
EndProject
Project("{2150E333-8FDC-42A3-9474-1A3956D46DE8}") = "docs", "docs", "{45D812EA-6205-4167-809A-D7561D6C630A}"
	ProjectSection(SolutionItems) = preProject
		README.md = README.md
	EndProjectSection
EndProject
Project("{FAE04EC0-301F-11D3-BF4B-00C04F79EFBC}") = "NXUI.Desktop", "src\NXUI.Desktop\NXUI.Desktop.csproj", "{9FABFD63-BB34-4EF8-A13E-3F0C5BA90A46}"
EndProject
Project("{FAE04EC0-301F-11D3-BF4B-00C04F79EFBC}") = "NXUI.Sample.Desktop.Minimalistic", "samples\NXUI.Sample.DesktopMinimalistic\NXUI.Sample.Desktop.Minimalistic.csproj", "{C89DA5CF-9E4D-4E76-80BE-2D4ADE60D877}"
EndProject
Project("{F2A71F9B-5D33-465A-A702-920D77279786}") = "NXUI.Sample.FSharp.Desktop", "samples\NXUI.Sample.FSharp.Desktop\NXUI.Sample.FSharp.Desktop.fsproj", "{128ED0FD-9E5F-4B54-9105-421B5C578299}"
EndProject
Project("{FAE04EC0-301F-11D3-BF4B-00C04F79EFBC}") = "Reflectonia", "src\Reflectonia\Reflectonia.csproj", "{D8B89E2D-542D-4EE8-A2B2-AB7F3E19732E}"
EndProject
Global
	GlobalSection(SolutionConfigurationPlatforms) = preSolution
		Debug|Any CPU = Debug|Any CPU
		Release|Any CPU = Release|Any CPU
	EndGlobalSection
	GlobalSection(ProjectConfigurationPlatforms) = postSolution
		{F0A9DF50-BF2A-46A6-B587-758125BE8A29}.Debug|Any CPU.ActiveCfg = Debug|Any CPU
		{F0A9DF50-BF2A-46A6-B587-758125BE8A29}.Debug|Any CPU.Build.0 = Debug|Any CPU
		{F0A9DF50-BF2A-46A6-B587-758125BE8A29}.Release|Any CPU.ActiveCfg = Release|Any CPU
		{F0A9DF50-BF2A-46A6-B587-758125BE8A29}.Release|Any CPU.Build.0 = Release|Any CPU
		{33AFF341-32BA-4DE0-AEB1-221A90449BD8}.Debug|Any CPU.ActiveCfg = Debug|Any CPU
		{33AFF341-32BA-4DE0-AEB1-221A90449BD8}.Debug|Any CPU.Build.0 = Debug|Any CPU
		{33AFF341-32BA-4DE0-AEB1-221A90449BD8}.Release|Any CPU.ActiveCfg = Release|Any CPU
		{33AFF341-32BA-4DE0-AEB1-221A90449BD8}.Release|Any CPU.Build.0 = Release|Any CPU
		{9D162580-0C6C-49F2-B88E-275ECB6FD53F}.Debug|Any CPU.ActiveCfg = Debug|Any CPU
		{9D162580-0C6C-49F2-B88E-275ECB6FD53F}.Debug|Any CPU.Build.0 = Debug|Any CPU
		{9D162580-0C6C-49F2-B88E-275ECB6FD53F}.Release|Any CPU.ActiveCfg = Release|Any CPU
		{9D162580-0C6C-49F2-B88E-275ECB6FD53F}.Release|Any CPU.Build.0 = Release|Any CPU
		{551D61DA-C4A3-47F1-ACF3-50F591527CC7}.Debug|Any CPU.ActiveCfg = Debug|Any CPU
		{551D61DA-C4A3-47F1-ACF3-50F591527CC7}.Debug|Any CPU.Build.0 = Debug|Any CPU
		{551D61DA-C4A3-47F1-ACF3-50F591527CC7}.Release|Any CPU.ActiveCfg = Release|Any CPU
		{551D61DA-C4A3-47F1-ACF3-50F591527CC7}.Release|Any CPU.Build.0 = Release|Any CPU
		{7F85C6A1-55D1-4334-BBC9-96A066C34016}.Debug|Any CPU.ActiveCfg = Debug|Any CPU
		{7F85C6A1-55D1-4334-BBC9-96A066C34016}.Debug|Any CPU.Build.0 = Debug|Any CPU
		{7F85C6A1-55D1-4334-BBC9-96A066C34016}.Release|Any CPU.ActiveCfg = Release|Any CPU
		{7F85C6A1-55D1-4334-BBC9-96A066C34016}.Release|Any CPU.Build.0 = Release|Any CPU
		{67A0CEB6-CDE0-4DEA-B321-A338AE33989D}.Debug|Any CPU.ActiveCfg = Debug|Any CPU
		{67A0CEB6-CDE0-4DEA-B321-A338AE33989D}.Debug|Any CPU.Build.0 = Debug|Any CPU
		{67A0CEB6-CDE0-4DEA-B321-A338AE33989D}.Release|Any CPU.ActiveCfg = Release|Any CPU
		{67A0CEB6-CDE0-4DEA-B321-A338AE33989D}.Release|Any CPU.Build.0 = Release|Any CPU
		{35EA80CF-B8BD-4DBA-9A2E-627A1A82A291}.Debug|Any CPU.ActiveCfg = Debug|Any CPU
		{35EA80CF-B8BD-4DBA-9A2E-627A1A82A291}.Debug|Any CPU.Build.0 = Debug|Any CPU
		{35EA80CF-B8BD-4DBA-9A2E-627A1A82A291}.Release|Any CPU.ActiveCfg = Release|Any CPU
		{35EA80CF-B8BD-4DBA-9A2E-627A1A82A291}.Release|Any CPU.Build.0 = Release|Any CPU
		{88DA60A3-1A64-427D-B624-4F42BD852BB8}.Debug|Any CPU.ActiveCfg = Debug|Any CPU
                {88DA60A3-1A64-427D-B624-4F42BD852BB8}.Debug|Any CPU.Build.0 = Debug|Any CPU
                {88DA60A3-1A64-427D-B624-4F42BD852BB8}.Release|Any CPU.ActiveCfg = Release|Any CPU
                {88DA60A3-1A64-427D-B624-4F42BD852BB8}.Release|Any CPU.Build.0 = Release|Any CPU
                {931C4E1B-883A-4F9B-A63E-E42EBAC1D126}.Debug|Any CPU.ActiveCfg = Debug|Any CPU
                {931C4E1B-883A-4F9B-A63E-E42EBAC1D126}.Debug|Any CPU.Build.0 = Debug|Any CPU
                {931C4E1B-883A-4F9B-A63E-E42EBAC1D126}.Release|Any CPU.ActiveCfg = Release|Any CPU
                {931C4E1B-883A-4F9B-A63E-E42EBAC1D126}.Release|Any CPU.Build.0 = Release|Any CPU
                {C88174BC-2F27-452F-98E0-1CD8AF71937A}.Debug|Any CPU.ActiveCfg = Debug|Any CPU
		{C88174BC-2F27-452F-98E0-1CD8AF71937A}.Debug|Any CPU.Build.0 = Debug|Any CPU
		{C88174BC-2F27-452F-98E0-1CD8AF71937A}.Release|Any CPU.ActiveCfg = Release|Any CPU
		{C88174BC-2F27-452F-98E0-1CD8AF71937A}.Release|Any CPU.Build.0 = Release|Any CPU
		{20309AAC-49BC-4DB0-ACC2-AC144413380E}.Debug|Any CPU.ActiveCfg = Debug|Any CPU
		{20309AAC-49BC-4DB0-ACC2-AC144413380E}.Debug|Any CPU.Build.0 = Debug|Any CPU
		{20309AAC-49BC-4DB0-ACC2-AC144413380E}.Release|Any CPU.ActiveCfg = Release|Any CPU
		{20309AAC-49BC-4DB0-ACC2-AC144413380E}.Release|Any CPU.Build.0 = Release|Any CPU
		{9FABFD63-BB34-4EF8-A13E-3F0C5BA90A46}.Debug|Any CPU.ActiveCfg = Debug|Any CPU
		{9FABFD63-BB34-4EF8-A13E-3F0C5BA90A46}.Debug|Any CPU.Build.0 = Debug|Any CPU
		{9FABFD63-BB34-4EF8-A13E-3F0C5BA90A46}.Release|Any CPU.ActiveCfg = Release|Any CPU
		{9FABFD63-BB34-4EF8-A13E-3F0C5BA90A46}.Release|Any CPU.Build.0 = Release|Any CPU
		{C89DA5CF-9E4D-4E76-80BE-2D4ADE60D877}.Debug|Any CPU.ActiveCfg = Debug|Any CPU
		{C89DA5CF-9E4D-4E76-80BE-2D4ADE60D877}.Debug|Any CPU.Build.0 = Debug|Any CPU
		{C89DA5CF-9E4D-4E76-80BE-2D4ADE60D877}.Release|Any CPU.ActiveCfg = Release|Any CPU
		{C89DA5CF-9E4D-4E76-80BE-2D4ADE60D877}.Release|Any CPU.Build.0 = Release|Any CPU
		{128ED0FD-9E5F-4B54-9105-421B5C578299}.Debug|Any CPU.ActiveCfg = Debug|Any CPU
		{128ED0FD-9E5F-4B54-9105-421B5C578299}.Debug|Any CPU.Build.0 = Debug|Any CPU
		{128ED0FD-9E5F-4B54-9105-421B5C578299}.Release|Any CPU.ActiveCfg = Release|Any CPU
		{128ED0FD-9E5F-4B54-9105-421B5C578299}.Release|Any CPU.Build.0 = Release|Any CPU
		{D8B89E2D-542D-4EE8-A2B2-AB7F3E19732E}.Debug|Any CPU.ActiveCfg = Debug|Any CPU
		{D8B89E2D-542D-4EE8-A2B2-AB7F3E19732E}.Debug|Any CPU.Build.0 = Debug|Any CPU
		{D8B89E2D-542D-4EE8-A2B2-AB7F3E19732E}.Release|Any CPU.ActiveCfg = Release|Any CPU
		{D8B89E2D-542D-4EE8-A2B2-AB7F3E19732E}.Release|Any CPU.Build.0 = Release|Any CPU
	EndGlobalSection
	GlobalSection(SolutionProperties) = preSolution
		HideSolutionNode = FALSE
	EndGlobalSection
	GlobalSection(NestedProjects) = preSolution
		{F0A9DF50-BF2A-46A6-B587-758125BE8A29} = {BA0A189D-8FD8-40A7-8860-FEC67470D55B}
		{33AFF341-32BA-4DE0-AEB1-221A90449BD8} = {BF6B5E5A-6F57-4429-9C4A-C1C2E17E485E}
		{9D162580-0C6C-49F2-B88E-275ECB6FD53F} = {BF6B5E5A-6F57-4429-9C4A-C1C2E17E485E}
		{6E47BA4B-2405-4281-8A1C-892A4D802A18} = {BF6B5E5A-6F57-4429-9C4A-C1C2E17E485E}
		{551D61DA-C4A3-47F1-ACF3-50F591527CC7} = {6E47BA4B-2405-4281-8A1C-892A4D802A18}
		{7F85C6A1-55D1-4334-BBC9-96A066C34016} = {6E47BA4B-2405-4281-8A1C-892A4D802A18}
		{67A0CEB6-CDE0-4DEA-B321-A338AE33989D} = {6E47BA4B-2405-4281-8A1C-892A4D802A18}
		{35EA80CF-B8BD-4DBA-9A2E-627A1A82A291} = {BF6B5E5A-6F57-4429-9C4A-C1C2E17E485E}
                {88DA60A3-1A64-427D-B624-4F42BD852BB8} = {BA0A189D-8FD8-40A7-8860-FEC67470D55B}
                {931C4E1B-883A-4F9B-A63E-E42EBAC1D126} = {BA0A189D-8FD8-40A7-8860-FEC67470D55B}
                {C88174BC-2F27-452F-98E0-1CD8AF71937A} = {BF6B5E5A-6F57-4429-9C4A-C1C2E17E485E}
		{20309AAC-49BC-4DB0-ACC2-AC144413380E} = {6E47BA4B-2405-4281-8A1C-892A4D802A18}
		{9FABFD63-BB34-4EF8-A13E-3F0C5BA90A46} = {BA0A189D-8FD8-40A7-8860-FEC67470D55B}
		{C89DA5CF-9E4D-4E76-80BE-2D4ADE60D877} = {BF6B5E5A-6F57-4429-9C4A-C1C2E17E485E}
		{128ED0FD-9E5F-4B54-9105-421B5C578299} = {BF6B5E5A-6F57-4429-9C4A-C1C2E17E485E}
		{D8B89E2D-542D-4EE8-A2B2-AB7F3E19732E} = {BA0A189D-8FD8-40A7-8860-FEC67470D55B}
	EndGlobalSection
	GlobalSection(ExtensibilityGlobals) = postSolution
		SolutionGuid = {864061A4-BD98-405B-BB8C-4D29A18466DB}
	EndGlobalSection
EndGlobal
